
Microsoft Visual Studio Solution File, Format Version 12.00
# Visual Studio Version 16
VisualStudioVersion = 16.0.32602.291
MinimumVisualStudioVersion = 10.0.40219.1
Project("{FAE04EC0-301F-11D3-BF4B-00C04F79EFBC}") = "addressbook-web-tests", "addressbook-web-tests.csproj", "{17908D6C-2379-4C8D-B30E-2C312F639BE9}"
EndProject
Project("{FAE04EC0-301F-11D3-BF4B-00C04F79EFBC}") = "addressbook-test-data-generators", "..\addressbook-test-data-generators\addressbook-test-data-generators.csproj", "{C277C989-4C16-4042-A9DC-35D85A2D9C8E}"
	ProjectSection(ProjectDependencies) = postProject
		{17908D6C-2379-4C8D-B30E-2C312F639BE9} = {17908D6C-2379-4C8D-B30E-2C312F639BE9}
	EndProjectSection
EndProject
Global
	GlobalSection(SolutionConfigurationPlatforms) = preSolution
		Debug|Any CPU = Debug|Any CPU
		Release|Any CPU = Release|Any CPU
	EndGlobalSection
	GlobalSection(ProjectConfigurationPlatforms) = postSolution
		{17908D6C-2379-4C8D-B30E-2C312F639BE9}.Debug|Any CPU.ActiveCfg = Debug|Any CPU
		{17908D6C-2379-4C8D-B30E-2C312F639BE9}.Debug|Any CPU.Build.0 = Debug|Any CPU
		{17908D6C-2379-4C8D-B30E-2C312F639BE9}.Release|Any CPU.ActiveCfg = Release|Any CPU
		{17908D6C-2379-4C8D-B30E-2C312F639BE9}.Release|Any CPU.Build.0 = Release|Any CPU
		{C277C989-4C16-4042-A9DC-35D85A2D9C8E}.Debug|Any CPU.ActiveCfg = Debug|Any CPU
		{C277C989-4C16-4042-A9DC-35D85A2D9C8E}.Debug|Any CPU.Build.0 = Debug|Any CPU
		{C277C989-4C16-4042-A9DC-35D85A2D9C8E}.Release|Any CPU.ActiveCfg = Release|Any CPU
		{C277C989-4C16-4042-A9DC-35D85A2D9C8E}.Release|Any CPU.Build.0 = Release|Any CPU
	EndGlobalSection
	GlobalSection(SolutionProperties) = preSolution
		HideSolutionNode = FALSE
	EndGlobalSection
	GlobalSection(ExtensibilityGlobals) = postSolution
		SolutionGuid = {21C1A9ED-81C1-4D42-BDBF-3404605B3D73}
	EndGlobalSection
EndGlobal
